
Microsoft Visual Studio Solution File, Format Version 12.00
# Visual Studio Version 17
VisualStudioVersion = 17.8.34322.80
MinimumVisualStudioVersion = 10.0.40219.1
Project("{FAE04EC0-301F-11D3-BF4B-00C04F79EFBC}") = "WindowsFormApp", "WindowsFormApp\WindowsFormApp.csproj", "{601414AA-AD81-44CB-A2F7-3A6E1FAACAB5}"
EndProject
Project("{FAE04EC0-301F-11D3-BF4B-00C04F79EFBC}") = "ClassLibrary1", "ClassLibrary1\ClassLibrary1.csproj", "{998712B6-13A1-42D6-A248-4305893AA191}"
EndProject
Global
	GlobalSection(SolutionConfigurationPlatforms) = preSolution
		Debug|Any CPU = Debug|Any CPU
		Release|Any CPU = Release|Any CPU
	EndGlobalSection
	GlobalSection(ProjectConfigurationPlatforms) = postSolution
		{601414AA-AD81-44CB-A2F7-3A6E1FAACAB5}.Debug|Any CPU.ActiveCfg = Debug|Any CPU
		{601414AA-AD81-44CB-A2F7-3A6E1FAACAB5}.Debug|Any CPU.Build.0 = Debug|Any CPU
		{601414AA-AD81-44CB-A2F7-3A6E1FAACAB5}.Release|Any CPU.ActiveCfg = Release|Any CPU
		{601414AA-AD81-44CB-A2F7-3A6E1FAACAB5}.Release|Any CPU.Build.0 = Release|Any CPU
		{998712B6-13A1-42D6-A248-4305893AA191}.Debug|Any CPU.ActiveCfg = Debug|Any CPU
		{998712B6-13A1-42D6-A248-4305893AA191}.Debug|Any CPU.Build.0 = Debug|Any CPU
		{998712B6-13A1-42D6-A248-4305893AA191}.Release|Any CPU.ActiveCfg = Release|Any CPU
		{998712B6-13A1-42D6-A248-4305893AA191}.Release|Any CPU.Build.0 = Release|Any CPU
	EndGlobalSection
	GlobalSection(SolutionProperties) = preSolution
		HideSolutionNode = FALSE
	EndGlobalSection
	GlobalSection(ExtensibilityGlobals) = postSolution
		SolutionGuid = {CD06B413-C73F-4887-8103-F848C770ACB2}
	EndGlobalSection
EndGlobal
